
Microsoft Visual Studio Solution File, Format Version 12.00
# Visual Studio 15
VisualStudioVersion = 15.0.28307.960
MinimumVisualStudioVersion = 10.0.40219.1
Project("{8BC9CEB8-8B4A-11D0-8D11-00A0C91BC942}") = "L_3_stack", "L_3_stack\L_3_stack.vcxproj", "{0942905E-6773-47F3-92A0-CEA126E61240}"
EndProject
Global
	GlobalSection(SolutionConfigurationPlatforms) = preSolution
		Debug|x64 = Debug|x64
		Debug|x86 = Debug|x86
		Release|x64 = Release|x64
		Release|x86 = Release|x86
	EndGlobalSection
	GlobalSection(ProjectConfigurationPlatforms) = postSolution
		{0942905E-6773-47F3-92A0-CEA126E61240}.Debug|x64.ActiveCfg = Debug|x64
		{0942905E-6773-47F3-92A0-CEA126E61240}.Debug|x64.Build.0 = Debug|x64
		{0942905E-6773-47F3-92A0-CEA126E61240}.Debug|x86.ActiveCfg = Debug|Win32
		{0942905E-6773-47F3-92A0-CEA126E61240}.Debug|x86.Build.0 = Debug|Win32
		{0942905E-6773-47F3-92A0-CEA126E61240}.Release|x64.ActiveCfg = Release|x64
		{0942905E-6773-47F3-92A0-CEA126E61240}.Release|x64.Build.0 = Release|x64
		{0942905E-6773-47F3-92A0-CEA126E61240}.Release|x86.ActiveCfg = Release|Win32
		{0942905E-6773-47F3-92A0-CEA126E61240}.Release|x86.Build.0 = Release|Win32
	EndGlobalSection
	GlobalSection(SolutionProperties) = preSolution
		HideSolutionNode = FALSE
	EndGlobalSection
	GlobalSection(ExtensibilityGlobals) = postSolution
		SolutionGuid = {55D17350-2C5B-4127-BC3B-A3F7F155987E}
	EndGlobalSection
EndGlobal
